
Microsoft Visual Studio Solution File, Format Version 12.00
# Visual Studio Version 16
VisualStudioVersion = 16.0.30011.22
MinimumVisualStudioVersion = 10.0.40219.1
Project("{FAE04EC0-301F-11D3-BF4B-00C04F79EFBC}") = "Task1", "Task1.1.1\Task1.csproj", "{D5E5DDBA-D2C1-443D-895D-A759575F0CFB}"
EndProject
Project("{FAE04EC0-301F-11D3-BF4B-00C04F79EFBC}") = "Task2", "Task1.1.2\Task2.csproj", "{3A5FE4E5-B1C8-4DA2-86E1-0300D404F025}"
EndProject
Project("{FAE04EC0-301F-11D3-BF4B-00C04F79EFBC}") = "Task3", "Task1.1.3\Task3.csproj", "{ACFB35AA-1DEF-4730-8825-216CB5F27755}"
EndProject
Project("{FAE04EC0-301F-11D3-BF4B-00C04F79EFBC}") = "Task4", "Task1.1.4\Task4.csproj", "{53E7E084-CD52-45EE-AB51-43FD546EF696}"
EndProject
Project("{FAE04EC0-301F-11D3-BF4B-00C04F79EFBC}") = "Task5", "Task1.1.5\Task5.csproj", "{331747A7-0DC5-47B3-9538-67729A427D62}"
EndProject
Project("{FAE04EC0-301F-11D3-BF4B-00C04F79EFBC}") = "Task6", "Task1.1.6\Task6.csproj", "{E2A1F165-9419-4C66-B346-32DAF9102300}"
EndProject
Project("{FAE04EC0-301F-11D3-BF4B-00C04F79EFBC}") = "Task7", "Task1.1.7\Task7.csproj", "{37F90E25-B5AA-4D15-BE10-A5BD0E5EF71B}"
EndProject
Project("{FAE04EC0-301F-11D3-BF4B-00C04F79EFBC}") = "Task8", "Task1.1.8\Task8.csproj", "{B980603E-62ED-4AA6-AEBA-FBF07C4A940D}"
EndProject
Project("{FAE04EC0-301F-11D3-BF4B-00C04F79EFBC}") = "Task9", "Task1.1.9\Task9.csproj", "{21294A68-C05C-4BD2-9A90-6588B60FD52C}"
EndProject
Project("{FAE04EC0-301F-11D3-BF4B-00C04F79EFBC}") = "Task10", "Task1.1.10\Task10.csproj", "{A8695EE8-CDDA-4254-82C7-1C157B57391A}"
EndProject
Global
	GlobalSection(SolutionConfigurationPlatforms) = preSolution
		Debug|Any CPU = Debug|Any CPU
		Release|Any CPU = Release|Any CPU
	EndGlobalSection
	GlobalSection(ProjectConfigurationPlatforms) = postSolution
		{D5E5DDBA-D2C1-443D-895D-A759575F0CFB}.Debug|Any CPU.ActiveCfg = Debug|Any CPU
		{D5E5DDBA-D2C1-443D-895D-A759575F0CFB}.Debug|Any CPU.Build.0 = Debug|Any CPU
		{D5E5DDBA-D2C1-443D-895D-A759575F0CFB}.Release|Any CPU.ActiveCfg = Release|Any CPU
		{D5E5DDBA-D2C1-443D-895D-A759575F0CFB}.Release|Any CPU.Build.0 = Release|Any CPU
		{3A5FE4E5-B1C8-4DA2-86E1-0300D404F025}.Debug|Any CPU.ActiveCfg = Debug|Any CPU
		{3A5FE4E5-B1C8-4DA2-86E1-0300D404F025}.Debug|Any CPU.Build.0 = Debug|Any CPU
		{3A5FE4E5-B1C8-4DA2-86E1-0300D404F025}.Release|Any CPU.ActiveCfg = Release|Any CPU
		{3A5FE4E5-B1C8-4DA2-86E1-0300D404F025}.Release|Any CPU.Build.0 = Release|Any CPU
		{ACFB35AA-1DEF-4730-8825-216CB5F27755}.Debug|Any CPU.ActiveCfg = Debug|Any CPU
		{ACFB35AA-1DEF-4730-8825-216CB5F27755}.Debug|Any CPU.Build.0 = Debug|Any CPU
		{ACFB35AA-1DEF-4730-8825-216CB5F27755}.Release|Any CPU.ActiveCfg = Release|Any CPU
		{ACFB35AA-1DEF-4730-8825-216CB5F27755}.Release|Any CPU.Build.0 = Release|Any CPU
		{53E7E084-CD52-45EE-AB51-43FD546EF696}.Debug|Any CPU.ActiveCfg = Debug|Any CPU
		{53E7E084-CD52-45EE-AB51-43FD546EF696}.Debug|Any CPU.Build.0 = Debug|Any CPU
		{53E7E084-CD52-45EE-AB51-43FD546EF696}.Release|Any CPU.ActiveCfg = Release|Any CPU
		{53E7E084-CD52-45EE-AB51-43FD546EF696}.Release|Any CPU.Build.0 = Release|Any CPU
		{331747A7-0DC5-47B3-9538-67729A427D62}.Debug|Any CPU.ActiveCfg = Debug|Any CPU
		{331747A7-0DC5-47B3-9538-67729A427D62}.Debug|Any CPU.Build.0 = Debug|Any CPU
		{331747A7-0DC5-47B3-9538-67729A427D62}.Release|Any CPU.ActiveCfg = Release|Any CPU
		{331747A7-0DC5-47B3-9538-67729A427D62}.Release|Any CPU.Build.0 = Release|Any CPU
		{E2A1F165-9419-4C66-B346-32DAF9102300}.Debug|Any CPU.ActiveCfg = Debug|Any CPU
		{E2A1F165-9419-4C66-B346-32DAF9102300}.Debug|Any CPU.Build.0 = Debug|Any CPU
		{E2A1F165-9419-4C66-B346-32DAF9102300}.Release|Any CPU.ActiveCfg = Release|Any CPU
		{E2A1F165-9419-4C66-B346-32DAF9102300}.Release|Any CPU.Build.0 = Release|Any CPU
		{37F90E25-B5AA-4D15-BE10-A5BD0E5EF71B}.Debug|Any CPU.ActiveCfg = Debug|Any CPU
		{37F90E25-B5AA-4D15-BE10-A5BD0E5EF71B}.Debug|Any CPU.Build.0 = Debug|Any CPU
		{37F90E25-B5AA-4D15-BE10-A5BD0E5EF71B}.Release|Any CPU.ActiveCfg = Release|Any CPU
		{37F90E25-B5AA-4D15-BE10-A5BD0E5EF71B}.Release|Any CPU.Build.0 = Release|Any CPU
		{B980603E-62ED-4AA6-AEBA-FBF07C4A940D}.Debug|Any CPU.ActiveCfg = Debug|Any CPU
		{B980603E-62ED-4AA6-AEBA-FBF07C4A940D}.Debug|Any CPU.Build.0 = Debug|Any CPU
		{B980603E-62ED-4AA6-AEBA-FBF07C4A940D}.Release|Any CPU.ActiveCfg = Release|Any CPU
		{B980603E-62ED-4AA6-AEBA-FBF07C4A940D}.Release|Any CPU.Build.0 = Release|Any CPU
		{21294A68-C05C-4BD2-9A90-6588B60FD52C}.Debug|Any CPU.ActiveCfg = Debug|Any CPU
		{21294A68-C05C-4BD2-9A90-6588B60FD52C}.Debug|Any CPU.Build.0 = Debug|Any CPU
		{21294A68-C05C-4BD2-9A90-6588B60FD52C}.Release|Any CPU.ActiveCfg = Release|Any CPU
		{21294A68-C05C-4BD2-9A90-6588B60FD52C}.Release|Any CPU.Build.0 = Release|Any CPU
		{A8695EE8-CDDA-4254-82C7-1C157B57391A}.Debug|Any CPU.ActiveCfg = Debug|Any CPU
		{A8695EE8-CDDA-4254-82C7-1C157B57391A}.Debug|Any CPU.Build.0 = Debug|Any CPU
		{A8695EE8-CDDA-4254-82C7-1C157B57391A}.Release|Any CPU.ActiveCfg = Release|Any CPU
		{A8695EE8-CDDA-4254-82C7-1C157B57391A}.Release|Any CPU.Build.0 = Release|Any CPU
	EndGlobalSection
	GlobalSection(SolutionProperties) = preSolution
		HideSolutionNode = FALSE
	EndGlobalSection
	GlobalSection(ExtensibilityGlobals) = postSolution
		SolutionGuid = {3505EEC3-DA50-4F70-B0EC-27D5FEE00637}
	EndGlobalSection
EndGlobal
